{
  "pins" : [
    {
      "identity" : "cdrcodable",
      "kind" : "remoteSourceControl",
      "location" : "https://github.com/DimaRU/CDRCodable.git",
      "state" : {
        "revision" : "921aeb4c9562a8944a20a73dbf7966c33108a07b",
        "version" : "1.0.0"
      }
    },
    {
      "identity" : "fastddsprebuild",
      "kind" : "remoteSourceControl",
      "location" : "https://github.com/DimaRU/FastDDSPrebuild.git",
      "state" : {
        "revision" : "97391844646d65ea1b1315518cfe853203e86b98",
        "version" : "2.6.1"
      }
    }
  ],
  "version" : 2
}
